{
  "requires": true,
  "lockfileVersion": 1,
  "dependencies": {
    "image-tools": {
      "version": "1.2.1",
      "resolved": "https://registry.npmjs.org/image-tools/-/image-tools-1.2.1.tgz",
      "integrity": "sha512-KLCjAT4+1hM+63Iq3Akib5Aa9FLrBzcLq/33i0+3XH8x7gOx5a4z9Q10xY5NruDdVofAkUyirMdR37I+C5rpmA=="
    }
  }
}
